
Microsoft Visual Studio Solution File, Format Version 12.00
# Visual Studio Version 16
VisualStudioVersion = 16.0.34407.143
MinimumVisualStudioVersion = 10.0.40219.1
Project("{FAE04EC0-301F-11D3-BF4B-00C04F79EFBC}") = "Requiem-Extractor", "Requiem-Extractor.csproj", "{A9F27B09-B971-4F60-91F4-39CA327A9C4D}"
EndProject
Global
	GlobalSection(SolutionConfigurationPlatforms) = preSolution
		Debug|Any CPU = Debug|Any CPU
		Release|Any CPU = Release|Any CPU
	EndGlobalSection
	GlobalSection(ProjectConfigurationPlatforms) = postSolution
		{A9F27B09-B971-4F60-91F4-39CA327A9C4D}.Debug|Any CPU.ActiveCfg = Debug|Any CPU
		{A9F27B09-B971-4F60-91F4-39CA327A9C4D}.Debug|Any CPU.Build.0 = Debug|Any CPU
		{A9F27B09-B971-4F60-91F4-39CA327A9C4D}.Release|Any CPU.ActiveCfg = Release|Any CPU
		{A9F27B09-B971-4F60-91F4-39CA327A9C4D}.Release|Any CPU.Build.0 = Release|Any CPU
	EndGlobalSection
	GlobalSection(SolutionProperties) = preSolution
		HideSolutionNode = FALSE
	EndGlobalSection
	GlobalSection(ExtensibilityGlobals) = postSolution
		SolutionGuid = {714E1F4C-FAAB-4D03-9417-8BA538B74BE8}
	EndGlobalSection
EndGlobal
